
Microsoft Visual Studio Solution File, Format Version 12.00
# Visual Studio Version 17
VisualStudioVersion = 17.4.33213.308
MinimumVisualStudioVersion = 10.0.40219.1
Project("{9A19103F-16F7-4668-BE54-9A1E7A4F7556}") = "BlazorAppforValera", "BlazorAppforValera\BlazorAppforValera.csproj", "{ED76AE26-288B-400B-8FF3-E4B60B3CD013}"
EndProject
Project("{9A19103F-16F7-4668-BE54-9A1E7A4F7556}") = "EmployeeManagement.Models", "EmployeeManagement.Models\EmployeeManagement.Models.csproj", "{A23DCAD7-A9AE-4D7C-B0DE-52306B28EDA6}"
EndProject
Project("{9A19103F-16F7-4668-BE54-9A1E7A4F7556}") = "EmployeeManagement.Api", "EmployeeManagement.Api\EmployeeManagement.Api.csproj", "{CC8EEB8D-88F4-42D2-8D34-1D95D98162F8}"
EndProject
Project("{FAE04EC0-301F-11D3-BF4B-00C04F79EFBC}") = "EmployeeManagmentWeb", "EmployeeManagmentWeb\EmployeeManagmentWeb.csproj", "{5C706D27-6A29-4226-9CCD-0E155405677D}"
EndProject
Global
	GlobalSection(SolutionConfigurationPlatforms) = preSolution
		Debug|Any CPU = Debug|Any CPU
		Release|Any CPU = Release|Any CPU
	EndGlobalSection
	GlobalSection(ProjectConfigurationPlatforms) = postSolution
		{ED76AE26-288B-400B-8FF3-E4B60B3CD013}.Debug|Any CPU.ActiveCfg = Debug|Any CPU
		{ED76AE26-288B-400B-8FF3-E4B60B3CD013}.Debug|Any CPU.Build.0 = Debug|Any CPU
		{ED76AE26-288B-400B-8FF3-E4B60B3CD013}.Release|Any CPU.ActiveCfg = Release|Any CPU
		{ED76AE26-288B-400B-8FF3-E4B60B3CD013}.Release|Any CPU.Build.0 = Release|Any CPU
		{A23DCAD7-A9AE-4D7C-B0DE-52306B28EDA6}.Debug|Any CPU.ActiveCfg = Debug|Any CPU
		{A23DCAD7-A9AE-4D7C-B0DE-52306B28EDA6}.Debug|Any CPU.Build.0 = Debug|Any CPU
		{A23DCAD7-A9AE-4D7C-B0DE-52306B28EDA6}.Release|Any CPU.ActiveCfg = Release|Any CPU
		{A23DCAD7-A9AE-4D7C-B0DE-52306B28EDA6}.Release|Any CPU.Build.0 = Release|Any CPU
		{CC8EEB8D-88F4-42D2-8D34-1D95D98162F8}.Debug|Any CPU.ActiveCfg = Debug|Any CPU
		{CC8EEB8D-88F4-42D2-8D34-1D95D98162F8}.Debug|Any CPU.Build.0 = Debug|Any CPU
		{CC8EEB8D-88F4-42D2-8D34-1D95D98162F8}.Release|Any CPU.ActiveCfg = Release|Any CPU
		{CC8EEB8D-88F4-42D2-8D34-1D95D98162F8}.Release|Any CPU.Build.0 = Release|Any CPU
		{5C706D27-6A29-4226-9CCD-0E155405677D}.Debug|Any CPU.ActiveCfg = Debug|Any CPU
		{5C706D27-6A29-4226-9CCD-0E155405677D}.Debug|Any CPU.Build.0 = Debug|Any CPU
		{5C706D27-6A29-4226-9CCD-0E155405677D}.Release|Any CPU.ActiveCfg = Release|Any CPU
		{5C706D27-6A29-4226-9CCD-0E155405677D}.Release|Any CPU.Build.0 = Release|Any CPU
	EndGlobalSection
	GlobalSection(SolutionProperties) = preSolution
		HideSolutionNode = FALSE
	EndGlobalSection
	GlobalSection(ExtensibilityGlobals) = postSolution
		SolutionGuid = {0DD4E7C3-9090-4697-B76A-0D7A708D316C}
	EndGlobalSection
EndGlobal
